// !$*UTF8*$!
{
	archiveVersion = 1;
	classes = {
	};
	objectVersion = 55;
	objects = {

/* Begin PBXBuildFile section */
		FD2EB11929C9E75800014A8F /* Resources.swift in Sources */ = {isa = PBXBuildFile; fileRef = FD2EB11829C9E75800014A8F /* Resources.swift */; };
		FD2EB11C29C9EA9B00014A8F /* MainTableViewCell.swift in Sources */ = {isa = PBXBuildFile; fileRef = FD2EB11B29C9EA9B00014A8F /* MainTableViewCell.swift */; };
		FD77798D29CA4AAB009364A3 /* EditingTableViewController.swift in Sources */ = {isa = PBXBuildFile; fileRef = FD77798C29CA4AAB009364A3 /* EditingTableViewController.swift */; };
		FDA0C97929C9D4810065A72A /* AppDelegate.swift in Sources */ = {isa = PBXBuildFile; fileRef = FDA0C97829C9D4810065A72A /* AppDelegate.swift */; };
		FDA0C97D29C9D4810065A72A /* MainTableViewController.swift in Sources */ = {isa = PBXBuildFile; fileRef = FDA0C97C29C9D4810065A72A /* MainTableViewController.swift */; };
		FDA0C98229C9D4860065A72A /* Assets.xcassets in Resources */ = {isa = PBXBuildFile; fileRef = FDA0C98129C9D4860065A72A /* Assets.xcassets */; };
		FDA0C98529C9D4860065A72A /* LaunchScreen.storyboard in Resources */ = {isa = PBXBuildFile; fileRef = FDA0C98329C9D4860065A72A /* LaunchScreen.storyboard */; };
		FDB5BACD29CA113D0045C06D /* UIView + Extensions.swift in Sources */ = {isa = PBXBuildFile; fileRef = FDB5BACC29CA113D0045C06D /* UIView + Extensions.swift */; };
/* End PBXBuildFile section */

/* Begin PBXFileReference section */
		FD2EB11829C9E75800014A8F /* Resources.swift */ = {isa = PBXFileReference; lastKnownFileType = sourcecode.swift; path = Resources.swift; sourceTree = "<group>"; };
		FD2EB11B29C9EA9B00014A8F /* MainTableViewCell.swift */ = {isa = PBXFileReference; lastKnownFileType = sourcecode.swift; path = MainTableViewCell.swift; sourceTree = "<group>"; };
		FD77798C29CA4AAB009364A3 /* EditingTableViewController.swift */ = {isa = PBXFileReference; lastKnownFileType = sourcecode.swift; path = EditingTableViewController.swift; sourceTree = "<group>"; };
		FDA0C97529C9D4810065A72A /* ContactsTest.app */ = {isa = PBXFileReference; explicitFileType = wrapper.application; includeInIndex = 0; path = ContactsTest.app; sourceTree = BUILT_PRODUCTS_DIR; };
		FDA0C97829C9D4810065A72A /* AppDelegate.swift */ = {isa = PBXFileReference; lastKnownFileType = sourcecode.swift; path = AppDelegate.swift; sourceTree = "<group>"; };
		FDA0C97C29C9D4810065A72A /* MainTableViewController.swift */ = {isa = PBXFileReference; lastKnownFileType = sourcecode.swift; path = MainTableViewController.swift; sourceTree = "<group>"; };
		FDA0C98129C9D4860065A72A /* Assets.xcassets */ = {isa = PBXFileReference; lastKnownFileType = folder.assetcatalog; path = Assets.xcassets; sourceTree = "<group>"; };
		FDA0C98429C9D4860065A72A /* Base */ = {isa = PBXFileReference; lastKnownFileType = file.storyboard; name = Base; path = Base.lproj/LaunchScreen.storyboard; sourceTree = "<group>"; };
		FDA0C98629C9D4860065A72A /* Info.plist */ = {isa = PBXFileReference; lastKnownFileType = text.plist.xml; path = Info.plist; sourceTree = "<group>"; };
		FDB5BACC29CA113D0045C06D /* UIView + Extensions.swift */ = {isa = PBXFileReference; lastKnownFileType = sourcecode.swift; path = "UIView + Extensions.swift"; sourceTree = "<group>"; };
/* End PBXFileReference section */

/* Begin PBXFrameworksBuildPhase section */
		FDA0C97229C9D4810065A72A /* Frameworks */ = {
			isa = PBXFrameworksBuildPhase;
			buildActionMask = 2147483647;
			files = (
			);
			runOnlyForDeploymentPostprocessing = 0;
		};
/* End PBXFrameworksBuildPhase section */

/* Begin PBXGroup section */
		FD2EB11729C9E73700014A8F /* Resources */ = {
			isa = PBXGroup;
			children = (
				FD2EB11829C9E75800014A8F /* Resources.swift */,
			);
			path = Resources;
			sourceTree = "<group>";
		};
		FD2EB11A29C9EA6800014A8F /* Views */ = {
			isa = PBXGroup;
			children = (
				FDB5BACA29CA10DF0045C06D /* Cells */,
			);
			path = Views;
			sourceTree = "<group>";
		};
		FD77798A29CA4A4A009364A3 /* EditingModule */ = {
			isa = PBXGroup;
			children = (
				FD77798B29CA4A5F009364A3 /* Controllers */,
			);
			path = EditingModule;
			sourceTree = "<group>";
		};
		FD77798B29CA4A5F009364A3 /* Controllers */ = {
			isa = PBXGroup;
			children = (
				FD77798C29CA4AAB009364A3 /* EditingTableViewController.swift */,
			);
			path = Controllers;
			sourceTree = "<group>";
		};
		FDA0C96C29C9D4810065A72A = {
			isa = PBXGroup;
			children = (
				FDA0C97729C9D4810065A72A /* ContactsTest */,
				FDA0C97629C9D4810065A72A /* Products */,
			);
			sourceTree = "<group>";
		};
		FDA0C97629C9D4810065A72A /* Products */ = {
			isa = PBXGroup;
			children = (
				FDA0C97529C9D4810065A72A /* ContactsTest.app */,
			);
			name = Products;
			sourceTree = "<group>";
		};
		FDA0C97729C9D4810065A72A /* ContactsTest */ = {
			isa = PBXGroup;
			children = (
				FDA0C98C29C9DCC40065A72A /* Application */,
				FDA0C98F29C9DF3B0065A72A /* MainModule */,
				FD77798A29CA4A4A009364A3 /* EditingModule */,
				FD2EB11729C9E73700014A8F /* Resources */,
				FDB5BAC929CA10AE0045C06D /* Extensions */,
				FDA0C98D29C9DDEC0065A72A /* SupportingFiles */,
			);
			path = ContactsTest;
			sourceTree = "<group>";
		};
		FDA0C98C29C9DCC40065A72A /* Application */ = {
			isa = PBXGroup;
			children = (
				FDA0C97829C9D4810065A72A /* AppDelegate.swift */,
			);
			path = Application;
			sourceTree = "<group>";
		};
		FDA0C98D29C9DDEC0065A72A /* SupportingFiles */ = {
			isa = PBXGroup;
			children = (
				FDA0C98129C9D4860065A72A /* Assets.xcassets */,
				FDA0C98329C9D4860065A72A /* LaunchScreen.storyboard */,
				FDA0C98629C9D4860065A72A /* Info.plist */,
			);
			path = SupportingFiles;
			sourceTree = "<group>";
		};
		FDA0C98E29C9DEC10065A72A /* Controllers */ = {
			isa = PBXGroup;
			children = (
				FDA0C97C29C9D4810065A72A /* MainTableViewController.swift */,
			);
			path = Controllers;
			sourceTree = "<group>";
		};
		FDA0C98F29C9DF3B0065A72A /* MainModule */ = {
			isa = PBXGroup;
			children = (
				FD2EB11A29C9EA6800014A8F /* Views */,
				FDA0C98E29C9DEC10065A72A /* Controllers */,
			);
			path = MainModule;
			sourceTree = "<group>";
		};
		FDB5BAC929CA10AE0045C06D /* Extensions */ = {
			isa = PBXGroup;
			children = (
				FDB5BACB29CA11130045C06D /* UIKit */,
			);
			path = Extensions;
			sourceTree = "<group>";
		};
		FDB5BACA29CA10DF0045C06D /* Cells */ = {
			isa = PBXGroup;
			children = (
				FD2EB11B29C9EA9B00014A8F /* MainTableViewCell.swift */,
			);
			path = Cells;
			sourceTree = "<group>";
		};
		FDB5BACB29CA11130045C06D /* UIKit */ = {
			isa = PBXGroup;
			children = (
				FDB5BACC29CA113D0045C06D /* UIView + Extensions.swift */,
			);
			path = UIKit;
			sourceTree = "<group>";
		};
/* End PBXGroup section */

/* Begin PBXNativeTarget section */
		FDA0C97429C9D4810065A72A /* ContactsTest */ = {
			isa = PBXNativeTarget;
			buildConfigurationList = FDA0C98929C9D4860065A72A /* Build configuration list for PBXNativeTarget "ContactsTest" */;
			buildPhases = (
				FDA0C97129C9D4810065A72A /* Sources */,
				FDA0C97229C9D4810065A72A /* Frameworks */,
				FDA0C97329C9D4810065A72A /* Resources */,
			);
			buildRules = (
			);
			dependencies = (
			);
			name = ContactsTest;
			productName = ContactsTest;
			productReference = FDA0C97529C9D4810065A72A /* ContactsTest.app */;
			productType = "com.apple.product-type.application";
		};
/* End PBXNativeTarget section */

/* Begin PBXProject section */
		FDA0C96D29C9D4810065A72A /* Project object */ = {
			isa = PBXProject;
			attributes = {
				BuildIndependentTargetsInParallel = 1;
				LastSwiftUpdateCheck = 1420;
				LastUpgradeCheck = 1420;
				TargetAttributes = {
					FDA0C97429C9D4810065A72A = {
						CreatedOnToolsVersion = 14.2;
					};
				};
			};
			buildConfigurationList = FDA0C97029C9D4810065A72A /* Build configuration list for PBXProject "ContactsTest" */;
			compatibilityVersion = "Xcode 13.0";
			developmentRegion = en;
			hasScannedForEncodings = 0;
			knownRegions = (
				en,
				Base,
			);
			mainGroup = FDA0C96C29C9D4810065A72A;
			productRefGroup = FDA0C97629C9D4810065A72A /* Products */;
			projectDirPath = "";
			projectRoot = "";
			targets = (
				FDA0C97429C9D4810065A72A /* ContactsTest */,
			);
		};
/* End PBXProject section */

/* Begin PBXResourcesBuildPhase section */
		FDA0C97329C9D4810065A72A /* Resources */ = {
			isa = PBXResourcesBuildPhase;
			buildActionMask = 2147483647;
			files = (
				FDA0C98529C9D4860065A72A /* LaunchScreen.storyboard in Resources */,
				FDA0C98229C9D4860065A72A /* Assets.xcassets in Resources */,
			);
			runOnlyForDeploymentPostprocessing = 0;
		};
/* End PBXResourcesBuildPhase section */

/* Begin PBXSourcesBuildPhase section */
		FDA0C97129C9D4810065A72A /* Sources */ = {
			isa = PBXSourcesBuildPhase;
			buildActionMask = 2147483647;
			files = (
				FDB5BACD29CA113D0045C06D /* UIView + Extensions.swift in Sources */,
				FD2EB11929C9E75800014A8F /* Resources.swift in Sources */,
				FD77798D29CA4AAB009364A3 /* EditingTableViewController.swift in Sources */,
				FDA0C97D29C9D4810065A72A /* MainTableViewController.swift in Sources */,
				FD2EB11C29C9EA9B00014A8F /* MainTableViewCell.swift in Sources */,
				FDA0C97929C9D4810065A72A /* AppDelegate.swift in Sources */,
			);
			runOnlyForDeploymentPostprocessing = 0;
		};
/* End PBXSourcesBuildPhase section */

/* Begin PBXVariantGroup section */
		FDA0C98329C9D4860065A72A /* LaunchScreen.storyboard */ = {
			isa = PBXVariantGroup;
			children = (
				FDA0C98429C9D4860065A72A /* Base */,
			);
			name = LaunchScreen.storyboard;
			sourceTree = "<group>";
		};
/* End PBXVariantGroup section */

/* Begin XCBuildConfiguration section */
		FDA0C98729C9D4860065A72A /* Debug */ = {
			isa = XCBuildConfiguration;
			buildSettings = {
				ALWAYS_SEARCH_USER_PATHS = NO;
				CLANG_ANALYZER_NONNULL = YES;
				CLANG_ANALYZER_NUMBER_OBJECT_CONVERSION = YES_AGGRESSIVE;
				CLANG_CXX_LANGUAGE_STANDARD = "gnu++20";
				CLANG_ENABLE_MODULES = YES;
				CLANG_ENABLE_OBJC_ARC = YES;
				CLANG_ENABLE_OBJC_WEAK = YES;
				CLANG_WARN_BLOCK_CAPTURE_AUTORELEASING = YES;
				CLANG_WARN_BOOL_CONVERSION = YES;
				CLANG_WARN_COMMA = YES;
				CLANG_WARN_CONSTANT_CONVERSION = YES;
				CLANG_WARN_DEPRECATED_OBJC_IMPLEMENTATIONS = YES;
				CLANG_WARN_DIRECT_OBJC_ISA_USAGE = YES_ERROR;
				CLANG_WARN_DOCUMENTATION_COMMENTS = YES;
				CLANG_WARN_EMPTY_BODY = YES;
				CLANG_WARN_ENUM_CONVERSION = YES;
				CLANG_WARN_INFINITE_RECURSION = YES;
				CLANG_WARN_INT_CONVERSION = YES;
				CLANG_WARN_NON_LITERAL_NULL_CONVERSION = YES;
				CLANG_WARN_OBJC_IMPLICIT_RETAIN_SELF = YES;
				CLANG_WARN_OBJC_LITERAL_CONVERSION = YES;
				CLANG_WARN_OBJC_ROOT_CLASS = YES_ERROR;
				CLANG_WARN_QUOTED_INCLUDE_IN_FRAMEWORK_HEADER = YES;
				CLANG_WARN_RANGE_LOOP_ANALYSIS = YES;
				CLANG_WARN_STRICT_PROTOTYPES = YES;
				CLANG_WARN_SUSPICIOUS_MOVE = YES;
				CLANG_WARN_UNGUARDED_AVAILABILITY = YES_AGGRESSIVE;
				CLANG_WARN_UNREACHABLE_CODE = YES;
				CLANG_WARN__DUPLICATE_METHOD_MATCH = YES;
				COPY_PHASE_STRIP = NO;
				DEBUG_INFORMATION_FORMAT = dwarf;
				ENABLE_STRICT_OBJC_MSGSEND = YES;
				ENABLE_TESTABILITY = YES;
				GCC_C_LANGUAGE_STANDARD = gnu11;
				GCC_DYNAMIC_NO_PIC = NO;
				GCC_NO_COMMON_BLOCKS = YES;
				GCC_OPTIMIZATION_LEVEL = 0;
				GCC_PREPROCESSOR_DEFINITIONS = (
					"DEBUG=1",
					"$(inherited)",
				);
				GCC_WARN_64_TO_32_BIT_CONVERSION = YES;
				GCC_WARN_ABOUT_RETURN_TYPE = YES_ERROR;
				GCC_WARN_UNDECLARED_SELECTOR = YES;
				GCC_WARN_UNINITIALIZED_AUTOS = YES_AGGRESSIVE;
				GCC_WARN_UNUSED_FUNCTION = YES;
				GCC_WARN_UNUSED_VARIABLE = YES;
				IPHONEOS_DEPLOYMENT_TARGET = 12.0;
				MTL_ENABLE_DEBUG_INFO = INCLUDE_SOURCE;
				MTL_FAST_MATH = YES;
				ONLY_ACTIVE_ARCH = YES;
				SDKROOT = iphoneos;
				SWIFT_ACTIVE_COMPILATION_CONDITIONS = DEBUG;
				SWIFT_OPTIMIZATION_LEVEL = "-Onone";
			};
			name = Debug;
		};
		FDA0C98829C9D4860065A72A /* Release */ = {
			isa = XCBuildConfiguration;
			buildSettings = {
				ALWAYS_SEARCH_USER_PATHS = NO;
				CLANG_ANALYZER_NONNULL = YES;
				CLANG_ANALYZER_NUMBER_OBJECT_CONVERSION = YES_AGGRESSIVE;
				CLANG_CXX_LANGUAGE_STANDARD = "gnu++20";
				CLANG_ENABLE_MODULES = YES;
				CLANG_ENABLE_OBJC_ARC = YES;
				CLANG_ENABLE_OBJC_WEAK = YES;
				CLANG_WARN_BLOCK_CAPTURE_AUTORELEASING = YES;
				CLANG_WARN_BOOL_CONVERSION = YES;
				CLANG_WARN_COMMA = YES;
				CLANG_WARN_CONSTANT_CONVERSION = YES;
				CLANG_WARN_DEPRECATED_OBJC_IMPLEMENTATIONS = YES;
				CLANG_WARN_DIRECT_OBJC_ISA_USAGE = YES_ERROR;
				CLANG_WARN_DOCUMENTATION_COMMENTS = YES;
				CLANG_WARN_EMPTY_BODY = YES;
				CLANG_WARN_ENUM_CONVERSION = YES;
				CLANG_WARN_INFINITE_RECURSION = YES;
				CLANG_WARN_INT_CONVERSION = YES;
				CLANG_WARN_NON_LITERAL_NULL_CONVERSION = YES;
				CLANG_WARN_OBJC_IMPLICIT_RETAIN_SELF = YES;
				CLANG_WARN_OBJC_LITERAL_CONVERSION = YES;
				CLANG_WARN_OBJC_ROOT_CLASS = YES_ERROR;
				CLANG_WARN_QUOTED_INCLUDE_IN_FRAMEWORK_HEADER = YES;
				CLANG_WARN_RANGE_LOOP_ANALYSIS = YES;
				CLANG_WARN_STRICT_PROTOTYPES = YES;
				CLANG_WARN_SUSPICIOUS_MOVE = YES;
				CLANG_WARN_UNGUARDED_AVAILABILITY = YES_AGGRESSIVE;
				CLANG_WARN_UNREACHABLE_CODE = YES;
				CLANG_WARN__DUPLICATE_METHOD_MATCH = YES;
				COPY_PHASE_STRIP = NO;
				DEBUG_INFORMATION_FORMAT = "dwarf-with-dsym";
				ENABLE_NS_ASSERTIONS = NO;
				ENABLE_STRICT_OBJC_MSGSEND = YES;
				GCC_C_LANGUAGE_STANDARD = gnu11;
				GCC_NO_COMMON_BLOCKS = YES;
				GCC_WARN_64_TO_32_BIT_CONVERSION = YES;
				GCC_WARN_ABOUT_RETURN_TYPE = YES_ERROR;
				GCC_WARN_UNDECLARED_SELECTOR = YES;
				GCC_WARN_UNINITIALIZED_AUTOS = YES_AGGRESSIVE;
				GCC_WARN_UNUSED_FUNCTION = YES;
				GCC_WARN_UNUSED_VARIABLE = YES;
				IPHONEOS_DEPLOYMENT_TARGET = 12.0;
				MTL_ENABLE_DEBUG_INFO = NO;
				MTL_FAST_MATH = YES;
				SDKROOT = iphoneos;
				SWIFT_COMPILATION_MODE = wholemodule;
				SWIFT_OPTIMIZATION_LEVEL = "-O";
				VALIDATE_PRODUCT = YES;
			};
			name = Release;
		};
		FDA0C98A29C9D4860065A72A /* Debug */ = {
			isa = XCBuildConfiguration;
			buildSettings = {
				ASSETCATALOG_COMPILER_APPICON_NAME = AppIcon;
				ASSETCATALOG_COMPILER_GLOBAL_ACCENT_COLOR_NAME = AccentColor;
				CODE_SIGN_STYLE = Automatic;
				CURRENT_PROJECT_VERSION = 1;
				DEVELOPMENT_TEAM = 4765WXVJQU;
				GENERATE_INFOPLIST_FILE = YES;
				INFOPLIST_FILE = ContactsTest/SupportingFiles/Info.plist;
				INFOPLIST_KEY_UIApplicationSupportsIndirectInputEvents = YES;
				INFOPLIST_KEY_UILaunchStoryboardName = LaunchScreen;
				INFOPLIST_KEY_UISupportedInterfaceOrientations = UIInterfaceOrientationPortrait;
				INFOPLIST_KEY_UISupportedInterfaceOrientations_iPad = "UIInterfaceOrientationLandscapeLeft UIInterfaceOrientationLandscapeRight UIInterfaceOrientationPortrait UIInterfaceOrientationPortraitUpsideDown";
				IPHONEOS_DEPLOYMENT_TARGET = 12.0;
				LD_RUNPATH_SEARCH_PATHS = (
					"$(inherited)",
					"@executable_path/Frameworks",
				);
				MARKETING_VERSION = 1.0;
				PRODUCT_BUNDLE_IDENTIFIER = "Andrei-Sushkou.ContactsTest";
				PRODUCT_NAME = "$(TARGET_NAME)";
				SUPPORTED_PLATFORMS = "iphoneos iphonesimulator";
				SUPPORTS_MACCATALYST = NO;
				SUPPORTS_MAC_DESIGNED_FOR_IPHONE_IPAD = NO;
				SWIFT_EMIT_LOC_STRINGS = YES;
				SWIFT_VERSION = 5.0;
				TARGETED_DEVICE_FAMILY = 1;
			};
			name = Debug;
		};
		FDA0C98B29C9D4860065A72A /* Release */ = {
			isa = XCBuildConfiguration;
			buildSettings = {
				ASSETCATALOG_COMPILER_APPICON_NAME = AppIcon;
				ASSETCATALOG_COMPILER_GLOBAL_ACCENT_COLOR_NAME = AccentColor;
				CODE_SIGN_STYLE = Automatic;
				CURRENT_PROJECT_VERSION = 1;
				DEVELOPMENT_TEAM = 4765WXVJQU;
				GENERATE_INFOPLIST_FILE = YES;
				INFOPLIST_FILE = ContactsTest/SupportingFiles/Info.plist;
				INFOPLIST_KEY_UIApplicationSupportsIndirectInputEvents = YES;
				INFOPLIST_KEY_UILaunchStoryboardName = LaunchScreen;
				INFOPLIST_KEY_UISupportedInterfaceOrientations = UIInterfaceOrientationPortrait;
				INFOPLIST_KEY_UISupportedInterfaceOrientations_iPad = "UIInterfaceOrientationLandscapeLeft UIInterfaceOrientationLandscapeRight UIInterfaceOrientationPortrait UIInterfaceOrientationPortraitUpsideDown";
				IPHONEOS_DEPLOYMENT_TARGET = 12.0;
				LD_RUNPATH_SEARCH_PATHS = (
					"$(inherited)",
					"@executable_path/Frameworks",
				);
				MARKETING_VERSION = 1.0;
				PRODUCT_BUNDLE_IDENTIFIER = "Andrei-Sushkou.ContactsTest";
				PRODUCT_NAME = "$(TARGET_NAME)";
				SUPPORTED_PLATFORMS = "iphoneos iphonesimulator";
				SUPPORTS_MACCATALYST = NO;
				SUPPORTS_MAC_DESIGNED_FOR_IPHONE_IPAD = NO;
				SWIFT_EMIT_LOC_STRINGS = YES;
				SWIFT_VERSION = 5.0;
				TARGETED_DEVICE_FAMILY = 1;
			};
			name = Release;
		};
/* End XCBuildConfiguration section */

/* Begin XCConfigurationList section */
		FDA0C97029C9D4810065A72A /* Build configuration list for PBXProject "ContactsTest" */ = {
			isa = XCConfigurationList;
			buildConfigurations = (
				FDA0C98729C9D4860065A72A /* Debug */,
				FDA0C98829C9D4860065A72A /* Release */,
			);
			defaultConfigurationIsVisible = 0;
			defaultConfigurationName = Release;
		};
		FDA0C98929C9D4860065A72A /* Build configuration list for PBXNativeTarget "ContactsTest" */ = {
			isa = XCConfigurationList;
			buildConfigurations = (
				FDA0C98A29C9D4860065A72A /* Debug */,
				FDA0C98B29C9D4860065A72A /* Release */,
			);
			defaultConfigurationIsVisible = 0;
			defaultConfigurationName = Release;
		};
/* End XCConfigurationList section */
	};
	rootObject = FDA0C96D29C9D4810065A72A /* Project object */;
}
